
Microsoft Visual Studio Solution File, Format Version 12.00
# Visual Studio 15
VisualStudioVersion = 15.0.27428.2005
MinimumVisualStudioVersion = 10.0.40219.1
Project("{FAE04EC0-301F-11D3-BF4B-00C04F79EFBC}") = "BStarTree", "BStarTree\BStarTree.csproj", "{641F4675-BAF1-4A8E-8F3A-EA5F5C2E0ADE}"
EndProject
Global
	GlobalSection(SolutionConfigurationPlatforms) = preSolution
		Debug|Any CPU = Debug|Any CPU
		Release|Any CPU = Release|Any CPU
	EndGlobalSection
	GlobalSection(ProjectConfigurationPlatforms) = postSolution
		{641F4675-BAF1-4A8E-8F3A-EA5F5C2E0ADE}.Debug|Any CPU.ActiveCfg = Debug|Any CPU
		{641F4675-BAF1-4A8E-8F3A-EA5F5C2E0ADE}.Debug|Any CPU.Build.0 = Debug|Any CPU
		{641F4675-BAF1-4A8E-8F3A-EA5F5C2E0ADE}.Release|Any CPU.ActiveCfg = Release|Any CPU
		{641F4675-BAF1-4A8E-8F3A-EA5F5C2E0ADE}.Release|Any CPU.Build.0 = Release|Any CPU
	EndGlobalSection
	GlobalSection(SolutionProperties) = preSolution
		HideSolutionNode = FALSE
	EndGlobalSection
	GlobalSection(ExtensibilityGlobals) = postSolution
		SolutionGuid = {B7D46FA8-8CB8-45D6-A904-94FB421BB5A5}
	EndGlobalSection
EndGlobal
